{
  "version": 4,
  "terraform_version": "1.1.9",
  "serial": 84,
  "lineage": "64e27b58-d8bd-c66c-8e39-181d39e24ff5",
  "outputs": {},
  "resources": [
    {
      "mode": "managed",
      "type": "aws_instance",
      "name": "jenkins",
      "provider": "provider[\"registry.terraform.io/hashicorp/aws\"]",
      "instances": [
        {
          "schema_version": 1,
          "attributes": {
            "ami": "ami-09d56f8956ab235b3",
            "arn": "arn:aws:ec2:us-east-1:025723643448:instance/i-087c9f3cbc245a5a2",
            "associate_public_ip_address": true,
            "availability_zone": "us-east-1b",
            "capacity_reservation_specification": [
              {
                "capacity_reservation_preference": "open",
                "capacity_reservation_target": []
              }
            ],
            "cpu_core_count": 1,
            "cpu_threads_per_core": 1,
            "credit_specification": [
              {
                "cpu_credits": "standard"
              }
            ],
            "disable_api_termination": false,
            "ebs_block_device": [],
            "ebs_optimized": false,
            "enclave_options": [
              {
                "enabled": false
              }
            ],
            "ephemeral_block_device": [],
            "get_password_data": false,
            "hibernation": false,
            "host_id": null,
            "iam_instance_profile": "",
            "id": "i-087c9f3cbc245a5a2",
            "instance_initiated_shutdown_behavior": "stop",
            "instance_state": "running",
            "instance_type": "t2.micro",
            "ipv6_address_count": 0,
            "ipv6_addresses": [],
            "key_name": "aws_key",
            "launch_template": [],
            "maintenance_options": [
              {
                "auto_recovery": "default"
              }
            ],
            "metadata_options": [
              {
                "http_endpoint": "enabled",
                "http_put_response_hop_limit": 1,
                "http_tokens": "optional",
                "instance_metadata_tags": "disabled"
              }
            ],
            "monitoring": false,
            "network_interface": [],
            "outpost_arn": "",
            "password_data": "",
            "placement_group": "",
            "placement_partition_number": null,
            "primary_network_interface_id": "eni-0ae6d7441978fd6dc",
            "private_dns": "ip-172-31-86-27.ec2.internal",
            "private_ip": "172.31.86.27",
            "public_dns": "ec2-52-90-33-27.compute-1.amazonaws.com",
            "public_ip": "52.90.33.27",
            "root_block_device": [
              {
                "delete_on_termination": true,
                "device_name": "/dev/sda1",
                "encrypted": false,
                "iops": 150,
                "kms_key_id": "",
                "tags": {},
                "throughput": 0,
                "volume_id": "vol-044e489bbafb0595f",
                "volume_size": 50,
                "volume_type": "gp2"
              }
            ],
            "secondary_private_ips": [],
            "security_groups": [
              "terraform-20220517120942543900000001"
            ],
            "source_dest_check": true,
            "subnet_id": "subnet-0b291d7270a393253",
            "tags": {
              "Environment": "BUILD",
              "Managed": "IAC",
              "Name": "JENKINS",
              "OS": "UBUNTU"
            },
            "tags_all": {
              "Environment": "BUILD",
              "Managed": "IAC",
              "Name": "JENKINS",
              "OS": "UBUNTU"
            },
            "tenancy": "default",
            "timeouts": null,
            "user_data": null,
            "user_data_base64": null,
            "user_data_replace_on_change": false,
            "volume_tags": null,
            "vpc_security_group_ids": [
              "sg-05ada93fe87eb9d6d"
            ]
          },
          "sensitive_attributes": [],
          "private": "eyJlMmJmYjczMC1lY2FhLTExZTYtOGY4OC0zNDM2M2JjN2M0YzAiOnsiY3JlYXRlIjo2MDAwMDAwMDAwMDAsImRlbGV0ZSI6MTIwMDAwMDAwMDAwMCwidXBkYXRlIjo2MDAwMDAwMDAwMDB9LCJzY2hlbWFfdmVyc2lvbiI6IjEifQ==",
          "dependencies": [
            "aws_security_group.main"
          ]
        }
      ]
    },
    {
      "mode": "managed",
      "type": "aws_key_pair",
      "name": "deployer",
      "provider": "provider[\"registry.terraform.io/hashicorp/aws\"]",
      "instances": [
        {
          "schema_version": 1,
          "attributes": {
            "arn": "arn:aws:ec2:us-east-1:025723643448:key-pair/aws_key",
            "fingerprint": "2f:70:c3:e1:a1:53:f8:d5:35:08:bc:93:c4:43:a6:0a",
            "id": "aws_key",
            "key_name": "aws_key",
            "key_name_prefix": "",
            "key_pair_id": "key-0d909259188e799fc",
            "public_key": "ssh-rsa AAAAB3NzaC1yc2EAAAADAQABAAABAQCuXESjClwL2gAvsFK2dEeAAz6RvIw3BY1dYLniceG16ZnZrXnXXRxdPOyEXdNnqHuhfr5vq6ZDVYjmOATaOUsYlKjLaRNldON0G90BA7V98DP4ZhQTHOK9m+4oQnMxj18z/1q+pfEEYou2mi/HurFzFnLLGSWAH8eMm4qi+TAEyH558zlI2hDkUpqQi+hnZA2vlg0FE9vKt/f76olKUa+srcmQyaoUMHrJ+LW4cemzGCZ+Y0P7Ac+OL3AL2IL9/PDz3UcdgWObw9Ljodb+BPhWTHEtyb61iCwrMUhb3waqdDNMEYVhLdtbq3J7iV+bHzzsCArSOKi8LSqMghilBlYD nikhilshankarku@ip-172-31-23-250",
            "tags": {},
            "tags_all": {}
          },
          "sensitive_attributes": [],
          "private": "eyJzY2hlbWFfdmVyc2lvbiI6IjEifQ=="
        }
      ]
    },
    {
      "mode": "managed",
      "type": "aws_security_group",
      "name": "main",
      "provider": "provider[\"registry.terraform.io/hashicorp/aws\"]",
      "instances": [
        {
          "schema_version": 1,
          "attributes": {
            "arn": "arn:aws:ec2:us-east-1:025723643448:security-group/sg-05ada93fe87eb9d6d",
            "description": "Managed by Terraform",
            "egress": [
              {
                "cidr_blocks": [
                  "0.0.0.0/0"
                ],
                "description": "",
                "from_port": 0,
                "ipv6_cidr_blocks": [],
                "prefix_list_ids": [],
                "protocol": "-1",
                "security_groups": [],
                "self": false,
                "to_port": 0
              }
            ],
            "id": "sg-05ada93fe87eb9d6d",
            "ingress": [
              {
                "cidr_blocks": [
                  "0.0.0.0/0"
                ],
                "description": "",
                "from_port": 22,
                "ipv6_cidr_blocks": [],
                "prefix_list_ids": [],
                "protocol": "tcp",
                "security_groups": [],
                "self": false,
                "to_port": 22
              },
              {
                "cidr_blocks": [
                  "0.0.0.0/0"
                ],
                "description": "",
                "from_port": 8080,
                "ipv6_cidr_blocks": [],
                "prefix_list_ids": [],
                "protocol": "tcp",
                "security_groups": [],
                "self": false,
                "to_port": 8080
              }
            ],
            "name": "terraform-20220517120942543900000001",
            "name_prefix": "terraform-",
            "owner_id": "025723643448",
            "revoke_rules_on_delete": false,
            "tags": {},
            "tags_all": {},
            "timeouts": null,
            "vpc_id": "vpc-0243b3d12bbb7e893"
          },
          "sensitive_attributes": [],
          "private": "eyJlMmJmYjczMC1lY2FhLTExZTYtOGY4OC0zNDM2M2JjN2M0YzAiOnsiY3JlYXRlIjo2MDAwMDAwMDAwMDAsImRlbGV0ZSI6OTAwMDAwMDAwMDAwfSwic2NoZW1hX3ZlcnNpb24iOiIxIn0="
        }
      ]
    },
    {
      "mode": "managed",
      "type": "null_resource",
      "name": "ansible_connect",
      "provider": "provider[\"registry.terraform.io/hashicorp/null\"]",
      "instances": [
        {
          "status": "tainted",
          "schema_version": 0,
          "attributes": {
            "id": "6395837363647152392",
            "triggers": {
              "always_run": "2022-05-17T13:55:57Z"
            }
          },
          "sensitive_attributes": [],
          "private": "bnVsbA==",
          "dependencies": [
            "aws_instance.jenkins"
          ]
        }
      ]
    }
  ]
}
